
Microsoft Visual Studio Solution File, Format Version 12.00
# Visual Studio 15
VisualStudioVersion = 15.0.28307.421
MinimumVisualStudioVersion = 10.0.40219.1
Project("{FAE04EC0-301F-11D3-BF4B-00C04F79EFBC}") = "TaxManagementSystem.Core", "TaxManagementSystem.Core\TaxManagementSystem.Core.csproj", "{0C1EBED3-3AC8-4463-A418-1F868C30FD66}"
EndProject
Project("{FAE04EC0-301F-11D3-BF4B-00C04F79EFBC}") = "TaxManagementSystem.Web", "TaxManagementSystem.Web\TaxManagementSystem.Web.csproj", "{E5A325AE-DCD6-4126-A467-A5B0AF0D8491}"
EndProject
Project("{FAE04EC0-301F-11D3-BF4B-00C04F79EFBC}") = "TaxManagementSystem.Model", "TaxManagementSystem.Model\TaxManagementSystem.Model.csproj", "{ECA45B8C-9893-4DE9-8D0C-37CB8CA4E841}"
EndProject
Project("{FAE04EC0-301F-11D3-BF4B-00C04F79EFBC}") = "TaxManagementSystem.Business", "TaxManagementSystem.Business\TaxManagementSystem.Business.csproj", "{0A928EB3-EBDC-4AAA-9345-C92758A68FBD}"
EndProject
Project("{FAE04EC0-301F-11D3-BF4B-00C04F79EFBC}") = "TaxManagementSystem.Drms", "TaxManagementSystem.Drms\TaxManagementSystem.Drms.csproj", "{EBBA42FB-64DC-4AC0-8ACB-0A664ED3664B}"
EndProject
Global
	GlobalSection(SolutionConfigurationPlatforms) = preSolution
		Debug|Any CPU = Debug|Any CPU
		Release|Any CPU = Release|Any CPU
	EndGlobalSection
	GlobalSection(ProjectConfigurationPlatforms) = postSolution
		{0C1EBED3-3AC8-4463-A418-1F868C30FD66}.Debug|Any CPU.ActiveCfg = Debug|Any CPU
		{0C1EBED3-3AC8-4463-A418-1F868C30FD66}.Debug|Any CPU.Build.0 = Debug|Any CPU
		{0C1EBED3-3AC8-4463-A418-1F868C30FD66}.Release|Any CPU.ActiveCfg = Release|Any CPU
		{0C1EBED3-3AC8-4463-A418-1F868C30FD66}.Release|Any CPU.Build.0 = Release|Any CPU
		{E5A325AE-DCD6-4126-A467-A5B0AF0D8491}.Debug|Any CPU.ActiveCfg = Debug|Any CPU
		{E5A325AE-DCD6-4126-A467-A5B0AF0D8491}.Debug|Any CPU.Build.0 = Debug|Any CPU
		{E5A325AE-DCD6-4126-A467-A5B0AF0D8491}.Release|Any CPU.ActiveCfg = Release|Any CPU
		{E5A325AE-DCD6-4126-A467-A5B0AF0D8491}.Release|Any CPU.Build.0 = Release|Any CPU
		{ECA45B8C-9893-4DE9-8D0C-37CB8CA4E841}.Debug|Any CPU.ActiveCfg = Debug|Any CPU
		{ECA45B8C-9893-4DE9-8D0C-37CB8CA4E841}.Debug|Any CPU.Build.0 = Debug|Any CPU
		{ECA45B8C-9893-4DE9-8D0C-37CB8CA4E841}.Release|Any CPU.ActiveCfg = Release|Any CPU
		{ECA45B8C-9893-4DE9-8D0C-37CB8CA4E841}.Release|Any CPU.Build.0 = Release|Any CPU
		{0A928EB3-EBDC-4AAA-9345-C92758A68FBD}.Debug|Any CPU.ActiveCfg = Debug|Any CPU
		{0A928EB3-EBDC-4AAA-9345-C92758A68FBD}.Debug|Any CPU.Build.0 = Debug|Any CPU
		{0A928EB3-EBDC-4AAA-9345-C92758A68FBD}.Release|Any CPU.ActiveCfg = Release|Any CPU
		{0A928EB3-EBDC-4AAA-9345-C92758A68FBD}.Release|Any CPU.Build.0 = Release|Any CPU
		{EBBA42FB-64DC-4AC0-8ACB-0A664ED3664B}.Debug|Any CPU.ActiveCfg = Debug|Any CPU
		{EBBA42FB-64DC-4AC0-8ACB-0A664ED3664B}.Debug|Any CPU.Build.0 = Debug|Any CPU
		{EBBA42FB-64DC-4AC0-8ACB-0A664ED3664B}.Release|Any CPU.ActiveCfg = Release|Any CPU
		{EBBA42FB-64DC-4AC0-8ACB-0A664ED3664B}.Release|Any CPU.Build.0 = Release|Any CPU
	EndGlobalSection
	GlobalSection(SolutionProperties) = preSolution
		HideSolutionNode = FALSE
	EndGlobalSection
	GlobalSection(ExtensibilityGlobals) = postSolution
		SolutionGuid = {C983A183-814A-40A3-A5A4-FC3D17A5D6CC}
	EndGlobalSection
EndGlobal
